
Microsoft Visual Studio Solution File, Format Version 12.00
# Visual Studio 15
Project("{FAE04EC0-301F-11D3-BF4B-00C04F79EFBC}") = "HelloWorld", "HelloWorld\HelloWorld.csproj", "{534C360E-26FA-4D13-BA76-01531939231C}"
EndProject
Global
	GlobalSection(SolutionConfigurationPlatforms) = preSolution
		Debug|x86 = Debug|x86
		Release|x86 = Release|x86
	EndGlobalSection
	GlobalSection(ProjectConfigurationPlatforms) = postSolution
		{534C360E-26FA-4D13-BA76-01531939231C}.Debug|x86.ActiveCfg = Debug|x86
		{534C360E-26FA-4D13-BA76-01531939231C}.Debug|x86.Build.0 = Debug|x86
		{534C360E-26FA-4D13-BA76-01531939231C}.Release|x86.ActiveCfg = Release|x86
		{534C360E-26FA-4D13-BA76-01531939231C}.Release|x86.Build.0 = Release|x86
	EndGlobalSection
EndGlobal
